// !$*UTF8*$!
{
	archiveVersion = 1;
	classes = {
	};
	objectVersion = 48;
	objects = {

/* Begin PBXBuildFile section */
		6221E1101FA8AE7C000DC33D /* AppDelegate.swift in Sources */ = {isa = PBXBuildFile; fileRef = 6221E10F1FA8AE7C000DC33D /* AppDelegate.swift */; };
		6221E1121FA8AE7C000DC33D /* ViewController.swift in Sources */ = {isa = PBXBuildFile; fileRef = 6221E1111FA8AE7C000DC33D /* ViewController.swift */; };
		6221E1151FA8AE7C000DC33D /* Main.storyboard in Resources */ = {isa = PBXBuildFile; fileRef = 6221E1131FA8AE7C000DC33D /* Main.storyboard */; };
		6221E1171FA8AE7C000DC33D /* Assets.xcassets in Resources */ = {isa = PBXBuildFile; fileRef = 6221E1161FA8AE7C000DC33D /* Assets.xcassets */; };
		6221E11A1FA8AE7C000DC33D /* LaunchScreen.storyboard in Resources */ = {isa = PBXBuildFile; fileRef = 6221E1181FA8AE7C000DC33D /* LaunchScreen.storyboard */; };
/* End PBXBuildFile section */

/* Begin PBXFileReference section */
		6221E10C1FA8AE7C000DC33D /* Frases do dia.app */ = {isa = PBXFileReference; explicitFileType = wrapper.application; includeInIndex = 0; path = "Frases do dia.app"; sourceTree = BUILT_PRODUCTS_DIR; };
		6221E10F1FA8AE7C000DC33D /* AppDelegate.swift */ = {isa = PBXFileReference; lastKnownFileType = sourcecode.swift; path = AppDelegate.swift; sourceTree = "<group>"; };
		6221E1111FA8AE7C000DC33D /* ViewController.swift */ = {isa = PBXFileReference; lastKnownFileType = sourcecode.swift; path = ViewController.swift; sourceTree = "<group>"; };
		6221E1141FA8AE7C000DC33D /* Base */ = {isa = PBXFileReference; lastKnownFileType = file.storyboard; name = Base; path = Base.lproj/Main.storyboard; sourceTree = "<group>"; };
		6221E1161FA8AE7C000DC33D /* Assets.xcassets */ = {isa = PBXFileReference; lastKnownFileType = folder.assetcatalog; path = Assets.xcassets; sourceTree = "<group>"; };
		6221E1191FA8AE7C000DC33D /* Base */ = {isa = PBXFileReference; lastKnownFileType = file.storyboard; name = Base; path = Base.lproj/LaunchScreen.storyboard; sourceTree = "<group>"; };
		6221E11B1FA8AE7C000DC33D /* Info.plist */ = {isa = PBXFileReference; lastKnownFileType = text.plist.xml; path = Info.plist; sourceTree = "<group>"; };
/* End PBXFileReference section */

/* Begin PBXFrameworksBuildPhase section */
		6221E1091FA8AE7C000DC33D /* Frameworks */ = {
			isa = PBXFrameworksBuildPhase;
			buildActionMask = 2147483647;
			files = (
			);
			runOnlyForDeploymentPostprocessing = 0;
		};
/* End PBXFrameworksBuildPhase section */

/* Begin PBXGroup section */
		6221E1031FA8AE7C000DC33D = {
			isa = PBXGroup;
			children = (
				6221E10E1FA8AE7C000DC33D /* Frases do dia */,
				6221E10D1FA8AE7C000DC33D /* Products */,
			);
			sourceTree = "<group>";
		};
		6221E10D1FA8AE7C000DC33D /* Products */ = {
			isa = PBXGroup;
			children = (
				6221E10C1FA8AE7C000DC33D /* Frases do dia.app */,
			);
			name = Products;
			sourceTree = "<group>";
		};
		6221E10E1FA8AE7C000DC33D /* Frases do dia */ = {
			isa = PBXGroup;
			children = (
				6221E10F1FA8AE7C000DC33D /* AppDelegate.swift */,
				6221E1111FA8AE7C000DC33D /* ViewController.swift */,
				6221E1131FA8AE7C000DC33D /* Main.storyboard */,
				6221E1161FA8AE7C000DC33D /* Assets.xcassets */,
				6221E1181FA8AE7C000DC33D /* LaunchScreen.storyboard */,
				6221E11B1FA8AE7C000DC33D /* Info.plist */,
			);
			path = "Frases do dia";
			sourceTree = "<group>";
		};
/* End PBXGroup section */

/* Begin PBXNativeTarget section */
		6221E10B1FA8AE7C000DC33D /* Frases do dia */ = {
			isa = PBXNativeTarget;
			buildConfigurationList = 6221E11E1FA8AE7C000DC33D /* Build configuration list for PBXNativeTarget "Frases do dia" */;
			buildPhases = (
				6221E1081FA8AE7C000DC33D /* Sources */,
				6221E1091FA8AE7C000DC33D /* Frameworks */,
				6221E10A1FA8AE7C000DC33D /* Resources */,
			);
			buildRules = (
			);
			dependencies = (
			);
			name = "Frases do dia";
			productName = "Frases do dia";
			productReference = 6221E10C1FA8AE7C000DC33D /* Frases do dia.app */;
			productType = "com.apple.product-type.application";
		};
/* End PBXNativeTarget section */

/* Begin PBXProject section */
		6221E1041FA8AE7C000DC33D /* Project object */ = {
			isa = PBXProject;
			attributes = {
				LastSwiftUpdateCheck = 0900;
				LastUpgradeCheck = 0900;
				ORGANIZATIONNAME = "Rodrigo Abreu";
				TargetAttributes = {
					6221E10B1FA8AE7C000DC33D = {
						CreatedOnToolsVersion = 9.0.1;
						ProvisioningStyle = Automatic;
					};
				};
			};
			buildConfigurationList = 6221E1071FA8AE7C000DC33D /* Build configuration list for PBXProject "Frases do dia" */;
			compatibilityVersion = "Xcode 8.0";
			developmentRegion = en;
			hasScannedForEncodings = 0;
			knownRegions = (
				en,
				Base,
			);
			mainGroup = 6221E1031FA8AE7C000DC33D;
			productRefGroup = 6221E10D1FA8AE7C000DC33D /* Products */;
			projectDirPath = "";
			projectRoot = "";
			targets = (
				6221E10B1FA8AE7C000DC33D /* Frases do dia */,
			);
		};
/* End PBXProject section */

/* Begin PBXResourcesBuildPhase section */
		6221E10A1FA8AE7C000DC33D /* Resources */ = {
			isa = PBXResourcesBuildPhase;
			buildActionMask = 2147483647;
			files = (
				6221E11A1FA8AE7C000DC33D /* LaunchScreen.storyboard in Resources */,
				6221E1171FA8AE7C000DC33D /* Assets.xcassets in Resources */,
				6221E1151FA8AE7C000DC33D /* Main.storyboard in Resources */,
			);
			runOnlyForDeploymentPostprocessing = 0;
		};
/* End PBXResourcesBuildPhase section */

/* Begin PBXSourcesBuildPhase section */
		6221E1081FA8AE7C000DC33D /* Sources */ = {
			isa = PBXSourcesBuildPhase;
			buildActionMask = 2147483647;
			files = (
				6221E1121FA8AE7C000DC33D /* ViewController.swift in Sources */,
				6221E1101FA8AE7C000DC33D /* AppDelegate.swift in Sources */,
			);
			runOnlyForDeploymentPostprocessing = 0;
		};
/* End PBXSourcesBuildPhase section */

/* Begin PBXVariantGroup section */
		6221E1131FA8AE7C000DC33D /* Main.storyboard */ = {
			isa = PBXVariantGroup;
			children = (
				6221E1141FA8AE7C000DC33D /* Base */,
			);
			name = Main.storyboard;
			sourceTree = "<group>";
		};
		6221E1181FA8AE7C000DC33D /* LaunchScreen.storyboard */ = {
			isa = PBXVariantGroup;
			children = (
				6221E1191FA8AE7C000DC33D /* Base */,
			);
			name = LaunchScreen.storyboard;
			sourceTree = "<group>";
		};
/* End PBXVariantGroup section */

/* Begin XCBuildConfiguration section */
		6221E11C1FA8AE7C000DC33D /* Debug */ = {
			isa = XCBuildConfiguration;
			buildSettings = {
				ALWAYS_SEARCH_USER_PATHS = NO;
				CLANG_ANALYZER_NONNULL = YES;
				CLANG_ANALYZER_NUMBER_OBJECT_CONVERSION = YES_AGGRESSIVE;
				CLANG_CXX_LANGUAGE_STANDARD = "gnu++14";
				CLANG_CXX_LIBRARY = "libc++";
				CLANG_ENABLE_MODULES = YES;
				CLANG_ENABLE_OBJC_ARC = YES;
				CLANG_WARN_BLOCK_CAPTURE_AUTORELEASING = YES;
				CLANG_WARN_BOOL_CONVERSION = YES;
				CLANG_WARN_COMMA = YES;
				CLANG_WARN_CONSTANT_CONVERSION = YES;
				CLANG_WARN_DIRECT_OBJC_ISA_USAGE = YES_ERROR;
				CLANG_WARN_DOCUMENTATION_COMMENTS = YES;
				CLANG_WARN_EMPTY_BODY = YES;
				CLANG_WARN_ENUM_CONVERSION = YES;
				CLANG_WARN_INFINITE_RECURSION = YES;
				CLANG_WARN_INT_CONVERSION = YES;
				CLANG_WARN_NON_LITERAL_NULL_CONVERSION = YES;
				CLANG_WARN_OBJC_LITERAL_CONVERSION = YES;
				CLANG_WARN_OBJC_ROOT_CLASS = YES_ERROR;
				CLANG_WARN_RANGE_LOOP_ANALYSIS = YES;
				CLANG_WARN_STRICT_PROTOTYPES = YES;
				CLANG_WARN_SUSPICIOUS_MOVE = YES;
				CLANG_WARN_UNGUARDED_AVAILABILITY = YES_AGGRESSIVE;
				CLANG_WARN_UNREACHABLE_CODE = YES;
				CLANG_WARN__DUPLICATE_METHOD_MATCH = YES;
				CODE_SIGN_IDENTITY = "iPhone Developer";
				COPY_PHASE_STRIP = NO;
				DEBUG_INFORMATION_FORMAT = dwarf;
				ENABLE_STRICT_OBJC_MSGSEND = YES;
				ENABLE_TESTABILITY = YES;
				GCC_C_LANGUAGE_STANDARD = gnu11;
				GCC_DYNAMIC_NO_PIC = NO;
				GCC_NO_COMMON_BLOCKS = YES;
				GCC_OPTIMIZATION_LEVEL = 0;
				GCC_PREPROCESSOR_DEFINITIONS = (
					"DEBUG=1",
					"$(inherited)",
				);
				GCC_WARN_64_TO_32_BIT_CONVERSION = YES;
				GCC_WARN_ABOUT_RETURN_TYPE = YES_ERROR;
				GCC_WARN_UNDECLARED_SELECTOR = YES;
				GCC_WARN_UNINITIALIZED_AUTOS = YES_AGGRESSIVE;
				GCC_WARN_UNUSED_FUNCTION = YES;
				GCC_WARN_UNUSED_VARIABLE = YES;
				IPHONEOS_DEPLOYMENT_TARGET = 11.0;
				MTL_ENABLE_DEBUG_INFO = YES;
				ONLY_ACTIVE_ARCH = YES;
				SDKROOT = iphoneos;
				SWIFT_ACTIVE_COMPILATION_CONDITIONS = DEBUG;
				SWIFT_OPTIMIZATION_LEVEL = "-Onone";
			};
			name = Debug;
		};
		6221E11D1FA8AE7C000DC33D /* Release */ = {
			isa = XCBuildConfiguration;
			buildSettings = {
				ALWAYS_SEARCH_USER_PATHS = NO;
				CLANG_ANALYZER_NONNULL = YES;
				CLANG_ANALYZER_NUMBER_OBJECT_CONVERSION = YES_AGGRESSIVE;
				CLANG_CXX_LANGUAGE_STANDARD = "gnu++14";
				CLANG_CXX_LIBRARY = "libc++";
				CLANG_ENABLE_MODULES = YES;
				CLANG_ENABLE_OBJC_ARC = YES;
				CLANG_WARN_BLOCK_CAPTURE_AUTORELEASING = YES;
				CLANG_WARN_BOOL_CONVERSION = YES;
				CLANG_WARN_COMMA = YES;
				CLANG_WARN_CONSTANT_CONVERSION = YES;
				CLANG_WARN_DIRECT_OBJC_ISA_USAGE = YES_ERROR;
				CLANG_WARN_DOCUMENTATION_COMMENTS = YES;
				CLANG_WARN_EMPTY_BODY = YES;
				CLANG_WARN_ENUM_CONVERSION = YES;
				CLANG_WARN_INFINITE_RECURSION = YES;
				CLANG_WARN_INT_CONVERSION = YES;
				CLANG_WARN_NON_LITERAL_NULL_CONVERSION = YES;
				CLANG_WARN_OBJC_LITERAL_CONVERSION = YES;
				CLANG_WARN_OBJC_ROOT_CLASS = YES_ERROR;
				CLANG_WARN_RANGE_LOOP_ANALYSIS = YES;
				CLANG_WARN_STRICT_PROTOTYPES = YES;
				CLANG_WARN_SUSPICIOUS_MOVE = YES;
				CLANG_WARN_UNGUARDED_AVAILABILITY = YES_AGGRESSIVE;
				CLANG_WARN_UNREACHABLE_CODE = YES;
				CLANG_WARN__DUPLICATE_METHOD_MATCH = YES;
				CODE_SIGN_IDENTITY = "iPhone Developer";
				COPY_PHASE_STRIP = NO;
				DEBUG_INFORMATION_FORMAT = "dwarf-with-dsym";
				ENABLE_NS_ASSERTIONS = NO;
				ENABLE_STRICT_OBJC_MSGSEND = YES;
				GCC_C_LANGUAGE_STANDARD = gnu11;
				GCC_NO_COMMON_BLOCKS = YES;
				GCC_WARN_64_TO_32_BIT_CONVERSION = YES;
				GCC_WARN_ABOUT_RETURN_TYPE = YES_ERROR;
				GCC_WARN_UNDECLARED_SELECTOR = YES;
				GCC_WARN_UNINITIALIZED_AUTOS = YES_AGGRESSIVE;
				GCC_WARN_UNUSED_FUNCTION = YES;
				GCC_WARN_UNUSED_VARIABLE = YES;
				IPHONEOS_DEPLOYMENT_TARGET = 11.0;
				MTL_ENABLE_DEBUG_INFO = NO;
				SDKROOT = iphoneos;
				SWIFT_OPTIMIZATION_LEVEL = "-Owholemodule";
				VALIDATE_PRODUCT = YES;
			};
			name = Release;
		};
		6221E11F1FA8AE7C000DC33D /* Debug */ = {
			isa = XCBuildConfiguration;
			buildSettings = {
				ASSETCATALOG_COMPILER_APPICON_NAME = AppIcon;
				CODE_SIGN_STYLE = Automatic;
				DEVELOPMENT_TEAM = 37J9BA46N5;
				INFOPLIST_FILE = "Frases do dia/Info.plist";
				LD_RUNPATH_SEARCH_PATHS = "$(inherited) @executable_path/Frameworks";
				PRODUCT_BUNDLE_IDENTIFIER = "br.net.tleste.Frases-do-dia";
				PRODUCT_NAME = "$(TARGET_NAME)";
				SWIFT_VERSION = 4.0;
				TARGETED_DEVICE_FAMILY = "1,2";
			};
			name = Debug;
		};
		6221E1201FA8AE7C000DC33D /* Release */ = {
			isa = XCBuildConfiguration;
			buildSettings = {
				ASSETCATALOG_COMPILER_APPICON_NAME = AppIcon;
				CODE_SIGN_STYLE = Automatic;
				DEVELOPMENT_TEAM = 37J9BA46N5;
				INFOPLIST_FILE = "Frases do dia/Info.plist";
				LD_RUNPATH_SEARCH_PATHS = "$(inherited) @executable_path/Frameworks";
				PRODUCT_BUNDLE_IDENTIFIER = "br.net.tleste.Frases-do-dia";
				PRODUCT_NAME = "$(TARGET_NAME)";
				SWIFT_VERSION = 4.0;
				TARGETED_DEVICE_FAMILY = "1,2";
			};
			name = Release;
		};
/* End XCBuildConfiguration section */

/* Begin XCConfigurationList section */
		6221E1071FA8AE7C000DC33D /* Build configuration list for PBXProject "Frases do dia" */ = {
			isa = XCConfigurationList;
			buildConfigurations = (
				6221E11C1FA8AE7C000DC33D /* Debug */,
				6221E11D1FA8AE7C000DC33D /* Release */,
			);
			defaultConfigurationIsVisible = 0;
			defaultConfigurationName = Release;
		};
		6221E11E1FA8AE7C000DC33D /* Build configuration list for PBXNativeTarget "Frases do dia" */ = {
			isa = XCConfigurationList;
			buildConfigurations = (
				6221E11F1FA8AE7C000DC33D /* Debug */,
				6221E1201FA8AE7C000DC33D /* Release */,
			);
			defaultConfigurationIsVisible = 0;
			defaultConfigurationName = Release;
		};
/* End XCConfigurationList section */
	};
	rootObject = 6221E1041FA8AE7C000DC33D /* Project object */;
}
